github.com/gopcua/opcua v0.3.15 h1:l0hS2gUTSfN5n604lbf90TyRuHjgEO/T/sq5DVWn8sE=
github.com/gopcua/opcua v0.3.15/go.mod h1:DVDwHvR5lYgO9T4nTn+QxzGl6VQMywgaRgmOH1skBps=
github.com/pkg/errors v0.9.1 h1:FEBLx1zS214owpjy7qsBeixbURkuhQAwrK5UwLGTwt4=
github.com/pkg/errors v0.9.1/go.mod h1:bwawxfHBFNV+L2hUp1rHADufV3IMtnDRdf1r5NINEl0=
